PODS:
  - NavigationTransitionController (0.1.0)

DEPENDENCIES:
  - NavigationTransitionController (from `../`)

EXTERNAL SOURCES:
  NavigationTransitionController:
    :path: "../"

SPEC CHECKSUMS:
  NavigationTransitionController: 0b45fb5882e0b622e717d123b5d8659a1a2a82b3

PODFILE CHECKSUM: e316e7919d741c3678f879d0a3b1693dc9664f8d

COCOAPODS: 1.10.1
